
Microsoft Visual Studio Solution File, Format Version 12.00
# Visual Studio Version 17
VisualStudioVersion = 17.1.32210.238
MinimumVisualStudioVersion = 10.0.40219.1
Project("{FAE04EC0-301F-11D3-BF4B-00C04F79EFBC}") = "eTickets", "eTickets.csproj", "{698A31FE-2271-43CA-8DE5-5F98088FFE10}"
EndProject
Global
	GlobalSection(SolutionConfigurationPlatforms) = preSolution
		Debug|Any CPU = Debug|Any CPU
		Release|Any CPU = Release|Any CPU
	EndGlobalSection
	GlobalSection(ProjectConfigurationPlatforms) = postSolution
		{698A31FE-2271-43CA-8DE5-5F98088FFE10}.Debug|Any CPU.ActiveCfg = Debug|Any CPU
		{698A31FE-2271-43CA-8DE5-5F98088FFE10}.Debug|Any CPU.Build.0 = Debug|Any CPU
		{698A31FE-2271-43CA-8DE5-5F98088FFE10}.Release|Any CPU.ActiveCfg = Release|Any CPU
		{698A31FE-2271-43CA-8DE5-5F98088FFE10}.Release|Any CPU.Build.0 = Release|Any CPU
	EndGlobalSection
	GlobalSection(SolutionProperties) = preSolution
		HideSolutionNode = FALSE
	EndGlobalSection
	GlobalSection(ExtensibilityGlobals) = postSolution
		SolutionGuid = {559110BA-85E6-4554-A5DF-D503BC10B439}
	EndGlobalSection
EndGlobal
